
Microsoft Visual Studio Solution File, Format Version 12.00
# Visual Studio 2012
Project("{FAE04EC0-301F-11D3-BF4B-00C04F79EFBC}") = "20170905_CSharp_FileManager", "20170905_CSharp_FileManager.csproj", "{1ED7C11B-1745-4D9E-8857-2BD8971B79BF}"
EndProject
Global
	GlobalSection(SolutionConfigurationPlatforms) = preSolution
		Debug|x86 = Debug|x86
		Release|x86 = Release|x86
	EndGlobalSection
	GlobalSection(ProjectConfigurationPlatforms) = postSolution
		{1ED7C11B-1745-4D9E-8857-2BD8971B79BF}.Debug|x86.ActiveCfg = Debug|x86
		{1ED7C11B-1745-4D9E-8857-2BD8971B79BF}.Debug|x86.Build.0 = Debug|x86
		{1ED7C11B-1745-4D9E-8857-2BD8971B79BF}.Release|x86.ActiveCfg = Release|x86
		{1ED7C11B-1745-4D9E-8857-2BD8971B79BF}.Release|x86.Build.0 = Release|x86
	EndGlobalSection
EndGlobal
