
Microsoft Visual Studio Solution File, Format Version 12.00
# Visual Studio 2012
Project("{FAE04EC0-301F-11D3-BF4B-00C04F79EFBC}") = "20170926_QuickSort_practice", "20170926_QuickSort_practice\20170926_QuickSort_practice.csproj", "{0E7A8F4B-D111-488F-A159-80E039305749}"
EndProject
Global
	GlobalSection(SolutionConfigurationPlatforms) = preSolution
		Debug|x86 = Debug|x86
		Release|x86 = Release|x86
	EndGlobalSection
	GlobalSection(ProjectConfigurationPlatforms) = postSolution
		{0E7A8F4B-D111-488F-A159-80E039305749}.Debug|x86.ActiveCfg = Debug|x86
		{0E7A8F4B-D111-488F-A159-80E039305749}.Debug|x86.Build.0 = Debug|x86
		{0E7A8F4B-D111-488F-A159-80E039305749}.Release|x86.ActiveCfg = Release|x86
		{0E7A8F4B-D111-488F-A159-80E039305749}.Release|x86.Build.0 = Release|x86
	EndGlobalSection
EndGlobal
