
Microsoft Visual Studio Solution File, Format Version 12.00
# Visual Studio 2012
Project("{FAE04EC0-301F-11D3-BF4B-00C04F79EFBC}") = "20170901_DrawStar", "20170901_DrawStar\20170901_DrawStar.csproj", "{FD2B6077-1915-4E87-B4F5-30139ECDD31B}"
EndProject
Global
	GlobalSection(SolutionConfigurationPlatforms) = preSolution
		Debug|x86 = Debug|x86
		Release|x86 = Release|x86
	EndGlobalSection
	GlobalSection(ProjectConfigurationPlatforms) = postSolution
		{FD2B6077-1915-4E87-B4F5-30139ECDD31B}.Debug|x86.ActiveCfg = Debug|x86
		{FD2B6077-1915-4E87-B4F5-30139ECDD31B}.Debug|x86.Build.0 = Debug|x86
		{FD2B6077-1915-4E87-B4F5-30139ECDD31B}.Release|x86.ActiveCfg = Release|x86
		{FD2B6077-1915-4E87-B4F5-30139ECDD31B}.Release|x86.Build.0 = Release|x86
	EndGlobalSection
EndGlobal
