
Microsoft Visual Studio Solution File, Format Version 12.00
# Visual Studio 2012
Project("{FAE04EC0-301F-11D3-BF4B-00C04F79EFBC}") = "20170904_OOPpractice", "20170904_OOPpractice\20170904_OOPpractice.csproj", "{2148825D-3E56-412B-B096-5FD97AADC2F8}"
EndProject
Global
	GlobalSection(SolutionConfigurationPlatforms) = preSolution
		Debug|x86 = Debug|x86
		Release|x86 = Release|x86
	EndGlobalSection
	GlobalSection(ProjectConfigurationPlatforms) = postSolution
		{2148825D-3E56-412B-B096-5FD97AADC2F8}.Debug|x86.ActiveCfg = Debug|x86
		{2148825D-3E56-412B-B096-5FD97AADC2F8}.Debug|x86.Build.0 = Debug|x86
		{2148825D-3E56-412B-B096-5FD97AADC2F8}.Release|x86.ActiveCfg = Release|x86
		{2148825D-3E56-412B-B096-5FD97AADC2F8}.Release|x86.Build.0 = Release|x86
	EndGlobalSection
EndGlobal
