
Microsoft Visual Studio Solution File, Format Version 12.00
# Visual Studio 2012
Project("{FAE04EC0-301F-11D3-BF4B-00C04F79EFBC}") = "20171024_Algorithm_Graph", "20171024_Algorithm_Graph\20171024_Algorithm_Graph.csproj", "{24CF803C-59CE-4E79-AF4B-C8543EB92223}"
EndProject
Global
	GlobalSection(SolutionConfigurationPlatforms) = preSolution
		Debug|x86 = Debug|x86
		Release|x86 = Release|x86
	EndGlobalSection
	GlobalSection(ProjectConfigurationPlatforms) = postSolution
		{24CF803C-59CE-4E79-AF4B-C8543EB92223}.Debug|x86.ActiveCfg = Debug|x86
		{24CF803C-59CE-4E79-AF4B-C8543EB92223}.Debug|x86.Build.0 = Debug|x86
		{24CF803C-59CE-4E79-AF4B-C8543EB92223}.Release|x86.ActiveCfg = Release|x86
		{24CF803C-59CE-4E79-AF4B-C8543EB92223}.Release|x86.Build.0 = Release|x86
	EndGlobalSection
EndGlobal
